{
  "version": 4,
  "terraform_version": "1.1.0",
  "serial": 52,
  "lineage": "3862cdfc-11f2-20d5-1bd7-38056b019241",
  "outputs": {
    "sshcommand": {
      "value": "ssh root@52.116.126.209",
      "type": "string"
    }
  },
  "resources": [
    {
      "mode": "data",
      "type": "ibm_is_image",
      "name": "centos",
      "provider": "provider[\"registry.terraform.io/ibm-cloud/ibm\"]",
      "instances": [
        {
          "schema_version": 0,
          "attributes": {
            "architecture": "amd64",
            "checksum": null,
            "crn": "crn:v1:bluemix:public:is:us-east:::image:r014-e0039ab2-fcc8-11e9-8a36-6ffb6501dd33",
            "encryption": "none",
            "encryption_key": null,
            "id": "r014-e0039ab2-fcc8-11e9-8a36-6ffb6501dd33",
            "identifier": null,
            "name": "ibm-centos-7-6-minimal-amd64-1",
            "os": "centos-7-amd64",
            "source_volume": null,
            "status": "deprecated",
            "visibility": "public"
          },
          "sensitive_attributes": []
        }
      ]
    },
    {
      "mode": "data",
      "type": "ibm_is_ssh_key",
      "name": "ssh_key_id",
      "provider": "provider[\"registry.terraform.io/ibm-cloud/ibm\"]",
      "instances": [
        {
          "schema_version": 0,
          "attributes": {
            "fingerprint": "SHA256:m28wqcMKq1OeTmRVVAfDVfZEdCxrAfORnbRmNEWypPk",
            "id": "r014-ce0a1523-73c6-492a-b0f7-9870e6e04616",
            "length": 4096,
            "name": "kh-ssh-key-dc",
            "public_key": "ssh-rsa AAAAB3NzaC1yc2EAAAADAQABAAACAQDRLAKTxBytjLIEAW1Q9QXPP5Y+lQYP2yja14WgZvpso0ET+bCVy4CXLRCnG6xMyzetD4Bxjk9pm3hqmvINq4NO73CvyzCHrIxueimz6vknn1mxDCz3N4zHGDcZudvoLO3i+QEs+UrwFQ+WZAKrWBjjEg62vZNZF20EEa3eclrwiNM+/5iIVVZySr8cbgECVC4h/WfbM6Ng27d1/7IWZBRbt/ugGqdZFVGUMMyVFQ1xZiPdCdDWbXry6YK4RlBknMQDz8npiVbjWZFmNCcnBfkJSHiiN/aevsrRPzv6mRi0eDlJfxIVpa1iImn8d+kv0ESfLyPsFzPw7eBO/vK5rgC+L1JGYSppd/b1GGfyP28M2nb+m5eReR+DZfTbEkiuRWwpIXaxatbSrq1JlRQ6Goq4nHKRjDdQ5pbKies7buRrEEyIAtPSGi9ovB6E5CJns6TodLhJZQE6+cCWgaFLkXXf29hZVdTZoixZtM/tbTZ8KOLjzjzSZ7OjTy/d2w0893IFUJr85naV55Jg1G58YanZbZZ1f6GUJT6aTQbX6YR+JREdhL3WRPjE0nefyhDP8CTbDdFejnswEfZzxnH1UcpPR2HxeNnZxWuv8tRjGyRIk/0w13zsCfMsi+kSnOcvMbiUxa4uDyQJQ1bNiGEP3gPFIMnCnfdivbJTBOLow6/x2w== kyung@ca.ibm.com",
            "resource_controller_url": "https://cloud.ibm.com/vpc/compute/sshKeys",
            "resource_crn": "crn:v1:bluemix:public:is:us-east:a/93d40f24fc25232b876cdc3dfa2a445b::key:r014-ce0a1523-73c6-492a-b0f7-9870e6e04616",
            "resource_group": null,
            "resource_group_name": "3190140d0a1440cc87a2e926af7e0e0f",
            "resource_name": "kh-ssh-key-dc",
            "type": "rsa"
          },
          "sensitive_attributes": []
        }
      ]
    },
    {
      "mode": "managed",
      "type": "ibm_is_floating_ip",
      "name": "fip1",
      "provider": "provider[\"registry.terraform.io/ibm-cloud/ibm\"]",
      "instances": [
        {
          "schema_version": 0,
          "attributes": {
            "address": "52.116.126.209",
            "id": "r014-f51745a6-5771-4bb9-b8f0-c025cd24cead",
            "name": "kh-terra-fip1",
            "resource_controller_url": "https://cloud.ibm.com/vpc-ext/network/floatingIPs",
            "resource_crn": "crn:v1:bluemix:public:is:us-east-1:a/93d40f24fc25232b876cdc3dfa2a445b::floating-ip:r014-f51745a6-5771-4bb9-b8f0-c025cd24cead",
            "resource_group": "169b87345750484e9fa3233516e45cf0",
            "resource_group_name": "Default",
            "resource_name": "kh-terra-fip1",
            "resource_status": "available",
            "status": "available",
            "tags": [],
            "target": "0757-38a19590-a486-4651-a11c-bd54a9618183",
            "timeouts": null,
            "zone": "us-east-1"
          },
          "sensitive_attributes": [],
          "private": "eyJlMmJmYjczMC1lY2FhLTExZTYtOGY4OC0zNDM2M2JjN2M0YzAiOnsiY3JlYXRlIjo2MDAwMDAwMDAwMDAsImRlbGV0ZSI6NjAwMDAwMDAwMDAwfX0=",
          "dependencies": [
            "ibm_is_instance.vsi1",
            "ibm_is_security_group.sg1",
            "ibm_is_subnet.subnet1",
            "ibm_is_vpc.vpc",
            "data.ibm_is_image.centos",
            "data.ibm_is_ssh_key.ssh_key_id"
          ]
        }
      ]
    },
    {
      "mode": "managed",
      "type": "ibm_is_instance",
      "name": "vsi1",
      "provider": "provider[\"registry.terraform.io/ibm-cloud/ibm\"]",
      "instances": [
        {
          "schema_version": 0,
          "attributes": {
            "auto_delete_volume": null,
            "boot_volume": [
              {
                "encryption": "",
                "iops": 3000,
                "name": "onboard-verbose-penholder-appear",
                "profile": "general-purpose",
                "size": 100,
                "snapshot": ""
              }
            ],
            "dedicated_host": null,
            "dedicated_host_group": null,
            "disks": [],
            "force_recovery_time": null,
            "gpu": [],
            "id": "0757_9fec8ccd-8ec6-4d27-b528-418f33f9bf1a",
            "image": "r014-e0039ab2-fcc8-11e9-8a36-6ffb6501dd33",
            "instance_template": null,
            "keys": [
              "r014-ce0a1523-73c6-492a-b0f7-9870e6e04616"
            ],
            "memory": 4,
            "name": "kh-terra-vsi1",
            "network_interfaces": [],
            "placement_group": null,
            "placement_target": [],
            "primary_network_interface": [
              {
                "allow_ip_spoofing": false,
                "id": "0757-38a19590-a486-4651-a11c-bd54a9618183",
                "name": "strength-prepaid-phrasing-splashing",
                "port_speed": 0,
                "primary_ipv4_address": "10.241.0.4",
                "security_groups": [
                  "r014-464af35f-d14c-41df-b3e7-a3e4396c9852"
                ],
                "subnet": "0757-fe7fd620-8a9e-4523-a81f-399f94edb9f3"
              }
            ],
            "profile": "cx2-2x4",
            "resource_controller_url": "https://cloud.ibm.com/vpc-ext/compute/vs",
            "resource_crn": "crn:v1:bluemix:public:is:us-east-1:a/93d40f24fc25232b876cdc3dfa2a445b::instance:0757_9fec8ccd-8ec6-4d27-b528-418f33f9bf1a",
            "resource_group": "3190140d0a1440cc87a2e926af7e0e0f",
            "resource_group_name": "kh-resource-groups-01",
            "resource_name": "kh-terra-vsi1",
            "resource_status": "running",
            "status": "running",
            "status_reasons": [],
            "tags": [],
            "timeouts": null,
            "user_data": null,
            "vcpu": [
              {
                "architecture": "amd64",
                "count": 2
              }
            ],
            "volume_attachments": [
              {
                "id": "0757-59307107-610e-4b04-b98d-37f0b65a4dad",
                "name": "tinker-exonerate-unstitch-outpost",
                "volume_crn": "crn:v1:bluemix:public:is:us-east-1:a/93d40f24fc25232b876cdc3dfa2a445b::volume:r014-515d224a-5ad1-462d-8916-2afd2bb11607",
                "volume_id": "r014-515d224a-5ad1-462d-8916-2afd2bb11607",
                "volume_name": "onboard-verbose-penholder-appear"
              }
            ],
            "volumes": null,
            "vpc": "r014-a62c85a5-f334-4625-897f-0fa65c7aab8b",
            "wait_before_delete": true,
            "zone": "us-east-1"
          },
          "sensitive_attributes": [],
          "private": "eyJlMmJmYjczMC1lY2FhLTExZTYtOGY4OC0zNDM2M2JjN2M0YzAiOnsiY3JlYXRlIjoxODAwMDAwMDAwMDAwLCJkZWxldGUiOjE4MDAwMDAwMDAwMDAsInVwZGF0ZSI6MTgwMDAwMDAwMDAwMH19",
          "dependencies": [
            "data.ibm_is_ssh_key.ssh_key_id",
            "ibm_is_security_group.sg1",
            "ibm_is_subnet.subnet1",
            "ibm_is_vpc.vpc",
            "data.ibm_is_image.centos"
          ]
        }
      ]
    },
    {
      "mode": "managed",
      "type": "ibm_is_security_group",
      "name": "sg1",
      "provider": "provider[\"registry.terraform.io/ibm-cloud/ibm\"]",
      "instances": [
        {
          "schema_version": 0,
          "attributes": {
            "crn": "crn:v1:bluemix:public:is:us-east:a/93d40f24fc25232b876cdc3dfa2a445b::security-group:r014-464af35f-d14c-41df-b3e7-a3e4396c9852",
            "id": "r014-464af35f-d14c-41df-b3e7-a3e4396c9852",
            "name": "kh-terra-sg1",
            "resource_controller_url": "https://cloud.ibm.com/vpc-ext/network/securityGroups",
            "resource_crn": "crn:v1:bluemix:public:is:us-east:a/93d40f24fc25232b876cdc3dfa2a445b::security-group:r014-464af35f-d14c-41df-b3e7-a3e4396c9852",
            "resource_group": "3190140d0a1440cc87a2e926af7e0e0f",
            "resource_group_name": "kh-resource-groups-01",
            "resource_name": "kh-terra-sg1",
            "rules": [
              {
                "code": 0,
                "direction": "inbound",
                "ip_version": "ipv4",
                "port_max": 22,
                "port_min": 22,
                "protocol": "tcp",
                "remote": "0.0.0.0/0",
                "type": 0
              },
              {
                "code": 0,
                "direction": "outbound",
                "ip_version": "ipv4",
                "port_max": 0,
                "port_min": 0,
                "protocol": "all",
                "remote": "0.0.0.0/0",
                "type": 0
              }
            ],
            "tags": [],
            "vpc": "r014-a62c85a5-f334-4625-897f-0fa65c7aab8b"
          },
          "sensitive_attributes": [],
          "private": "bnVsbA==",
          "dependencies": [
            "ibm_is_vpc.vpc"
          ]
        }
      ]
    },
    {
      "mode": "managed",
      "type": "ibm_is_security_group_rule",
      "name": "icmp_all",
      "provider": "provider[\"registry.terraform.io/ibm-cloud/ibm\"]",
      "instances": [
        {
          "schema_version": 0,
          "attributes": {
            "direction": "inbound",
            "group": "r014-464af35f-d14c-41df-b3e7-a3e4396c9852",
            "icmp": [
              {
                "code": 0,
                "type": 8
              }
            ],
            "id": "r014-464af35f-d14c-41df-b3e7-a3e4396c9852.r014-7011d405-b2ca-4cca-99f7-950d2164fae2",
            "ip_version": "ipv4",
            "protocol": "icmp",
            "related_crn": "crn:v1:bluemix:public:is:us-east:a/93d40f24fc25232b876cdc3dfa2a445b::security-group:r014-464af35f-d14c-41df-b3e7-a3e4396c9852",
            "remote": "0.0.0.0/0",
            "rule_id": "r014-7011d405-b2ca-4cca-99f7-950d2164fae2",
            "tcp": [],
            "udp": []
          },
          "sensitive_attributes": [],
          "private": "bnVsbA==",
          "dependencies": [
            "ibm_is_security_group.sg1"
          ]
        }
      ]
    },
    {
      "mode": "managed",
      "type": "ibm_is_security_group_rule",
      "name": "ingress_ssh_all",
      "provider": "provider[\"registry.terraform.io/ibm-cloud/ibm\"]",
      "instances": [
        {
          "schema_version": 0,
          "attributes": {
            "direction": "inbound",
            "group": "r014-464af35f-d14c-41df-b3e7-a3e4396c9852",
            "icmp": [],
            "id": "r014-464af35f-d14c-41df-b3e7-a3e4396c9852.r014-0e01ff84-aaeb-432d-a81d-3cc3ae35a014",
            "ip_version": "ipv4",
            "protocol": "tcp",
            "related_crn": "crn:v1:bluemix:public:is:us-east:a/93d40f24fc25232b876cdc3dfa2a445b::security-group:r014-464af35f-d14c-41df-b3e7-a3e4396c9852",
            "remote": "0.0.0.0/0",
            "rule_id": "r014-0e01ff84-aaeb-432d-a81d-3cc3ae35a014",
            "tcp": [
              {
                "port_max": 22,
                "port_min": 22
              }
            ],
            "udp": []
          },
          "sensitive_attributes": [],
          "private": "bnVsbA==",
          "dependencies": [
            "ibm_is_security_group.sg1",
            "ibm_is_vpc.vpc"
          ]
        }
      ]
    },
    {
      "mode": "managed",
      "type": "ibm_is_security_group_rule",
      "name": "sg_outbound",
      "provider": "provider[\"registry.terraform.io/ibm-cloud/ibm\"]",
      "instances": [
        {
          "schema_version": 0,
          "attributes": {
            "direction": "outbound",
            "group": "r014-464af35f-d14c-41df-b3e7-a3e4396c9852",
            "icmp": [],
            "id": "r014-464af35f-d14c-41df-b3e7-a3e4396c9852.r014-8829f477-aa5f-40e0-ab14-d449be4ba7a6",
            "ip_version": "ipv4",
            "protocol": "all",
            "related_crn": "crn:v1:bluemix:public:is:us-east:a/93d40f24fc25232b876cdc3dfa2a445b::security-group:r014-464af35f-d14c-41df-b3e7-a3e4396c9852",
            "remote": "0.0.0.0/0",
            "rule_id": "r014-8829f477-aa5f-40e0-ab14-d449be4ba7a6",
            "tcp": [],
            "udp": []
          },
          "sensitive_attributes": [],
          "private": "bnVsbA==",
          "dependencies": [
            "ibm_is_security_group.sg1",
            "ibm_is_vpc.vpc"
          ]
        }
      ]
    },
    {
      "mode": "managed",
      "type": "ibm_is_subnet",
      "name": "subnet1",
      "provider": "provider[\"registry.terraform.io/ibm-cloud/ibm\"]",
      "instances": [
        {
          "schema_version": 0,
          "attributes": {
            "access_tags": [],
            "available_ipv4_address_count": 250,
            "crn": "crn:v1:bluemix:public:is:us-east-1:a/93d40f24fc25232b876cdc3dfa2a445b::subnet:0757-fe7fd620-8a9e-4523-a81f-399f94edb9f3",
            "id": "0757-fe7fd620-8a9e-4523-a81f-399f94edb9f3",
            "ip_version": "ipv4",
            "ipv4_cidr_block": "10.241.0.0/24",
            "name": "kh-terra-subnet1",
            "network_acl": "r014-d0c5bc99-ca8a-4b47-afc1-446dfb970ce6",
            "public_gateway": "",
            "resource_controller_url": "https://cloud.ibm.com/vpc-ext/network/subnets",
            "resource_crn": "crn:v1:bluemix:public:is:us-east-1:a/93d40f24fc25232b876cdc3dfa2a445b::subnet:0757-fe7fd620-8a9e-4523-a81f-399f94edb9f3",
            "resource_group": "3190140d0a1440cc87a2e926af7e0e0f",
            "resource_group_name": "kh-resource-groups-01",
            "resource_name": "kh-terra-subnet1",
            "resource_status": "available",
            "routing_table": "r014-9fdc11e7-1aef-48b8-b486-d6d07ce5b7bc",
            "status": "available",
            "tags": [],
            "timeouts": null,
            "total_ipv4_address_count": 256,
            "vpc": "r014-a62c85a5-f334-4625-897f-0fa65c7aab8b",
            "zone": "us-east-1"
          },
          "sensitive_attributes": [],
          "private": "eyJlMmJmYjczMC1lY2FhLTExZTYtOGY4OC0zNDM2M2JjN2M0YzAiOnsiY3JlYXRlIjo2MDAwMDAwMDAwMDAsImRlbGV0ZSI6NjAwMDAwMDAwMDAwLCJ1cGRhdGUiOjYwMDAwMDAwMDAwMH19",
          "dependencies": [
            "ibm_is_vpc.vpc"
          ]
        }
      ]
    },
    {
      "mode": "managed",
      "type": "ibm_is_vpc",
      "name": "vpc",
      "provider": "provider[\"registry.terraform.io/ibm-cloud/ibm\"]",
      "instances": [
        {
          "schema_version": 0,
          "attributes": {
            "address_prefix_management": "auto",
            "classic_access": false,
            "crn": "crn:v1:bluemix:public:is:us-east:a/93d40f24fc25232b876cdc3dfa2a445b::vpc:r014-a62c85a5-f334-4625-897f-0fa65c7aab8b",
            "cse_source_addresses": [
              {
                "address": "10.249.89.227",
                "zone_name": "us-east-1"
              },
              {
                "address": "10.249.92.3",
                "zone_name": "us-east-2"
              },
              {
                "address": "10.22.63.251",
                "zone_name": "us-east-3"
              }
            ],
            "default_network_acl": "r014-d0c5bc99-ca8a-4b47-afc1-446dfb970ce6",
            "default_network_acl_crn": "crn:v1:bluemix:public:is:us-east:a/93d40f24fc25232b876cdc3dfa2a445b::network-acl:r014-d0c5bc99-ca8a-4b47-afc1-446dfb970ce6",
            "default_network_acl_name": "hardly-carrot-lanky-decorated",
            "default_routing_table": "r014-9fdc11e7-1aef-48b8-b486-d6d07ce5b7bc",
            "default_routing_table_name": "backpack-bookcases-overlabor-uplifted",
            "default_security_group": "r014-427770ab-b4c2-4bd0-a1b9-57241b3b19df",
            "default_security_group_crn": "crn:v1:bluemix:public:is:us-east:a/93d40f24fc25232b876cdc3dfa2a445b::security-group:r014-427770ab-b4c2-4bd0-a1b9-57241b3b19df",
            "default_security_group_name": "pointer-diffusive-frenzied-contest",
            "id": "r014-a62c85a5-f334-4625-897f-0fa65c7aab8b",
            "name": "kh-terra-vpc",
            "resource_controller_url": "https://cloud.ibm.com/vpc-ext/network/vpcs",
            "resource_crn": "crn:v1:bluemix:public:is:us-east:a/93d40f24fc25232b876cdc3dfa2a445b::vpc:r014-a62c85a5-f334-4625-897f-0fa65c7aab8b",
            "resource_group": "169b87345750484e9fa3233516e45cf0",
            "resource_group_name": "Default",
            "resource_name": "kh-terra-vpc",
            "resource_status": "available",
            "security_group": [
              {
                "group_id": "r014-427770ab-b4c2-4bd0-a1b9-57241b3b19df",
                "group_name": "pointer-diffusive-frenzied-contest",
                "rules": [
                  {
                    "code": 0,
                    "direction": "outbound",
                    "ip_version": "ipv4",
                    "port_max": 0,
                    "port_min": 0,
                    "protocol": "all",
                    "remote": "0.0.0.0/0",
                    "rule_id": "r014-c2901f98-4425-49ed-93c0-d268044ed83e",
                    "type": 0
                  },
                  {
                    "code": 0,
                    "direction": "inbound",
                    "ip_version": "ipv4",
                    "port_max": 0,
                    "port_min": 0,
                    "protocol": "all",
                    "remote": "r014-427770ab-b4c2-4bd0-a1b9-57241b3b19df",
                    "rule_id": "r014-c19519cb-93e7-4cf8-aa84-6210bf07b0f2",
                    "type": 0
                  }
                ]
              },
              {
                "group_id": "r014-464af35f-d14c-41df-b3e7-a3e4396c9852",
                "group_name": "kh-terra-sg1",
                "rules": [
                  {
                    "code": 0,
                    "direction": "inbound",
                    "ip_version": "ipv4",
                    "port_max": 22,
                    "port_min": 22,
                    "protocol": "tcp",
                    "remote": "0.0.0.0/0",
                    "rule_id": "r014-0e01ff84-aaeb-432d-a81d-3cc3ae35a014",
                    "type": 0
                  },
                  {
                    "code": 0,
                    "direction": "outbound",
                    "ip_version": "ipv4",
                    "port_max": 0,
                    "port_min": 0,
                    "protocol": "all",
                    "remote": "0.0.0.0/0",
                    "rule_id": "r014-8829f477-aa5f-40e0-ab14-d449be4ba7a6",
                    "type": 0
                  }
                ]
              }
            ],
            "status": "available",
            "subnets": [
              {
                "available_ipv4_address_count": 250,
                "id": "0757-fe7fd620-8a9e-4523-a81f-399f94edb9f3",
                "name": "kh-terra-subnet1",
                "status": "available",
                "total_ipv4_address_count": 256,
                "zone": "us-east-1"
              }
            ],
            "tags": [],
            "timeouts": null
          },
          "sensitive_attributes": [],
          "private": "eyJlMmJmYjczMC1lY2FhLTExZTYtOGY4OC0zNDM2M2JjN2M0YzAiOnsiY3JlYXRlIjo2MDAwMDAwMDAwMDAsImRlbGV0ZSI6NjAwMDAwMDAwMDAwfX0="
        }
      ]
    }
  ]
}
